
Microsoft Visual Studio Solution File, Format Version 11.00
# Visual Studio 2010
Project("{FAE04EC0-301F-11D3-BF4B-00C04F79EFBC}") = "SQLite.Dynamic.Data", "SQLite.Dynamic.Data\SQLite.Dynamic.Data.csproj", "{EFF07567-3F97-4623-AF05-FA40A9C17CB4}"
EndProject
Project("{FAE04EC0-301F-11D3-BF4B-00C04F79EFBC}") = "SQLite.Dynamic.Data.Demo", "SQLite.Dynamic.Data.Demo\SQLite.Dynamic.Data.Demo.csproj", "{28D43B3D-3FF9-4A9C-8CF4-BE3D5CBDDD0C}"
EndProject
Project("{FAE04EC0-301F-11D3-BF4B-00C04F79EFBC}") = "SQLite.Dynamic.Data.Test", "SQLite.Dynamic.Data.Test\SQLite.Dynamic.Data.Test.csproj", "{E0CC2A89-480E-47AC-B4F1-FCE306D5AA0E}"
EndProject
Global
	GlobalSection(SolutionConfigurationPlatforms) = preSolution
		Debug|Any CPU = Debug|Any CPU
		Debug|Mixed Platforms = Debug|Mixed Platforms
		Debug|x86 = Debug|x86
		Release|Any CPU = Release|Any CPU
		Release|Mixed Platforms = Release|Mixed Platforms
		Release|x86 = Release|x86
	EndGlobalSection
	GlobalSection(ProjectConfigurationPlatforms) = postSolution
		{EFF07567-3F97-4623-AF05-FA40A9C17CB4}.Debug|Any CPU.ActiveCfg = Debug|Any CPU
		{EFF07567-3F97-4623-AF05-FA40A9C17CB4}.Debug|Any CPU.Build.0 = Debug|Any CPU
		{EFF07567-3F97-4623-AF05-FA40A9C17CB4}.Debug|Mixed Platforms.ActiveCfg = Debug|Any CPU
		{EFF07567-3F97-4623-AF05-FA40A9C17CB4}.Debug|Mixed Platforms.Build.0 = Debug|Any CPU
		{EFF07567-3F97-4623-AF05-FA40A9C17CB4}.Debug|x86.ActiveCfg = Debug|Any CPU
		{EFF07567-3F97-4623-AF05-FA40A9C17CB4}.Release|Any CPU.ActiveCfg = Release|Any CPU
		{EFF07567-3F97-4623-AF05-FA40A9C17CB4}.Release|Any CPU.Build.0 = Release|Any CPU
		{EFF07567-3F97-4623-AF05-FA40A9C17CB4}.Release|Mixed Platforms.ActiveCfg = Release|Any CPU
		{EFF07567-3F97-4623-AF05-FA40A9C17CB4}.Release|Mixed Platforms.Build.0 = Release|Any CPU
		{EFF07567-3F97-4623-AF05-FA40A9C17CB4}.Release|x86.ActiveCfg = Release|Any CPU
		{28D43B3D-3FF9-4A9C-8CF4-BE3D5CBDDD0C}.Debug|Any CPU.ActiveCfg = Debug|x86
		{28D43B3D-3FF9-4A9C-8CF4-BE3D5CBDDD0C}.Debug|Mixed Platforms.ActiveCfg = Debug|x86
		{28D43B3D-3FF9-4A9C-8CF4-BE3D5CBDDD0C}.Debug|Mixed Platforms.Build.0 = Debug|x86
		{28D43B3D-3FF9-4A9C-8CF4-BE3D5CBDDD0C}.Debug|x86.ActiveCfg = Debug|x86
		{28D43B3D-3FF9-4A9C-8CF4-BE3D5CBDDD0C}.Debug|x86.Build.0 = Debug|x86
		{28D43B3D-3FF9-4A9C-8CF4-BE3D5CBDDD0C}.Release|Any CPU.ActiveCfg = Release|x86
		{28D43B3D-3FF9-4A9C-8CF4-BE3D5CBDDD0C}.Release|Mixed Platforms.ActiveCfg = Release|x86
		{28D43B3D-3FF9-4A9C-8CF4-BE3D5CBDDD0C}.Release|Mixed Platforms.Build.0 = Release|x86
		{28D43B3D-3FF9-4A9C-8CF4-BE3D5CBDDD0C}.Release|x86.ActiveCfg = Release|x86
		{28D43B3D-3FF9-4A9C-8CF4-BE3D5CBDDD0C}.Release|x86.Build.0 = Release|x86
		{E0CC2A89-480E-47AC-B4F1-FCE306D5AA0E}.Debug|Any CPU.ActiveCfg = Debug|Any CPU
		{E0CC2A89-480E-47AC-B4F1-FCE306D5AA0E}.Debug|Any CPU.Build.0 = Debug|Any CPU
		{E0CC2A89-480E-47AC-B4F1-FCE306D5AA0E}.Debug|Mixed Platforms.ActiveCfg = Debug|Any CPU
		{E0CC2A89-480E-47AC-B4F1-FCE306D5AA0E}.Debug|Mixed Platforms.Build.0 = Debug|Any CPU
		{E0CC2A89-480E-47AC-B4F1-FCE306D5AA0E}.Debug|x86.ActiveCfg = Debug|Any CPU
		{E0CC2A89-480E-47AC-B4F1-FCE306D5AA0E}.Release|Any CPU.ActiveCfg = Release|Any CPU
		{E0CC2A89-480E-47AC-B4F1-FCE306D5AA0E}.Release|Any CPU.Build.0 = Release|Any CPU
		{E0CC2A89-480E-47AC-B4F1-FCE306D5AA0E}.Release|Mixed Platforms.ActiveCfg = Release|Any CPU
		{E0CC2A89-480E-47AC-B4F1-FCE306D5AA0E}.Release|Mixed Platforms.Build.0 = Release|Any CPU
		{E0CC2A89-480E-47AC-B4F1-FCE306D5AA0E}.Release|x86.ActiveCfg = Release|Any CPU
	EndGlobalSection
	GlobalSection(SolutionProperties) = preSolution
		HideSolutionNode = FALSE
	EndGlobalSection
EndGlobal
